{
  "name": "uwebsockets-server",
  "lockfileVersion": 3,
  "requires": true,
  "packages": {
    "": {
      "name": "uwebsockets-server",
      "dependencies": {
        "uWebSockets.js": "https://github.com/uNetworking/uWebSockets.js/archive/refs/tags/v20.69.0.tar.gz"
      }
    },
    "node_modules/uWebSockets.js": {
      "version": "20.69.0",
      "resolved": "https://github.com/uNetworking/uWebSockets.js/archive/refs/tags/v20.69.0.tar.gz",
      "integrity": "sha512-vSARYbg98BfI8G4hB305Oa4iU3Ocon3o+SKzy1iza7hQGECgZSxJJ0/yp7LvPdTdQlY3bVQs+A4Ir7tCGQ2hnA==",
      "license": "Apache-2.0"
    }
  }
}
